
Microsoft Visual Studio Solution File, Format Version 12.00
# Visual Studio Version 17
VisualStudioVersion = 17.4.33403.182
MinimumVisualStudioVersion = 10.0.40219.1
Project("{FAE04EC0-301F-11D3-BF4B-00C04F79EFBC}") = "FeriasApp", "FeriasApp.csproj", "{BD5376FB-23E6-4A3F-B95E-7E9FE1B7D997}"
EndProject
Global
	GlobalSection(SolutionConfigurationPlatforms) = preSolution
		Debug|Any CPU = Debug|Any CPU
		Release|Any CPU = Release|Any CPU
	EndGlobalSection
	GlobalSection(ProjectConfigurationPlatforms) = postSolution
		{BD5376FB-23E6-4A3F-B95E-7E9FE1B7D997}.Debug|Any CPU.ActiveCfg = Debug|Any CPU
		{BD5376FB-23E6-4A3F-B95E-7E9FE1B7D997}.Debug|Any CPU.Build.0 = Debug|Any CPU
		{BD5376FB-23E6-4A3F-B95E-7E9FE1B7D997}.Release|Any CPU.ActiveCfg = Release|Any CPU
		{BD5376FB-23E6-4A3F-B95E-7E9FE1B7D997}.Release|Any CPU.Build.0 = Release|Any CPU
	EndGlobalSection
	GlobalSection(SolutionProperties) = preSolution
		HideSolutionNode = FALSE
	EndGlobalSection
	GlobalSection(ExtensibilityGlobals) = postSolution
		SolutionGuid = {90F0B9D0-43BB-482C-A7A1-9A0F0E30FC8C}
	EndGlobalSection
EndGlobal
